
Microsoft Visual Studio Solution File, Format Version 12.00
# Visual Studio 15
VisualStudioVersion = 15.0.28010.2026
MinimumVisualStudioVersion = 10.0.40219.1
Project("{FAE04EC0-301F-11D3-BF4B-00C04F79EFBC}") = "MoreAnimals.UI", "MoreAnimals.UI\MoreAnimals.UI.csproj", "{B8488971-E4B8-4253-9282-8683A842BC3A}"
EndProject
Project("{FAE04EC0-301F-11D3-BF4B-00C04F79EFBC}") = "MoreAnimals.Library", "MoreAnimals.Library\MoreAnimals.Library.csproj", "{24DF9A57-18AC-4636-BD0E-B91759842D62}"
EndProject
Global
	GlobalSection(SolutionConfigurationPlatforms) = preSolution
		Debug|Any CPU = Debug|Any CPU
		Release|Any CPU = Release|Any CPU
	EndGlobalSection
	GlobalSection(ProjectConfigurationPlatforms) = postSolution
		{B8488971-E4B8-4253-9282-8683A842BC3A}.Debug|Any CPU.ActiveCfg = Debug|Any CPU
		{B8488971-E4B8-4253-9282-8683A842BC3A}.Debug|Any CPU.Build.0 = Debug|Any CPU
		{B8488971-E4B8-4253-9282-8683A842BC3A}.Release|Any CPU.ActiveCfg = Release|Any CPU
		{B8488971-E4B8-4253-9282-8683A842BC3A}.Release|Any CPU.Build.0 = Release|Any CPU
		{24DF9A57-18AC-4636-BD0E-B91759842D62}.Debug|Any CPU.ActiveCfg = Debug|Any CPU
		{24DF9A57-18AC-4636-BD0E-B91759842D62}.Debug|Any CPU.Build.0 = Debug|Any CPU
		{24DF9A57-18AC-4636-BD0E-B91759842D62}.Release|Any CPU.ActiveCfg = Release|Any CPU
		{24DF9A57-18AC-4636-BD0E-B91759842D62}.Release|Any CPU.Build.0 = Release|Any CPU
	EndGlobalSection
	GlobalSection(SolutionProperties) = preSolution
		HideSolutionNode = FALSE
	EndGlobalSection
	GlobalSection(ExtensibilityGlobals) = postSolution
		SolutionGuid = {F8741501-7D67-42B4-97CF-7EF0DB11FF31}
	EndGlobalSection
EndGlobal
